
Microsoft Visual Studio Solution File, Format Version 12.00
# Visual Studio Version 17
VisualStudioVersion = 17.9.34701.34
MinimumVisualStudioVersion = 10.0.40219.1
Project("{FAE04EC0-301F-11D3-BF4B-00C04F79EFBC}") = "Asset Tracking Database", "Asset Tracking Database\Asset Tracking Database.csproj", "{3E3AADB4-2D0A-495B-A78B-CCBCA2720398}"
EndProject
Global
	GlobalSection(SolutionConfigurationPlatforms) = preSolution
		Debug|Any CPU = Debug|Any CPU
		Release|Any CPU = Release|Any CPU
	EndGlobalSection
	GlobalSection(ProjectConfigurationPlatforms) = postSolution
		{3E3AADB4-2D0A-495B-A78B-CCBCA2720398}.Debug|Any CPU.ActiveCfg = Debug|Any CPU
		{3E3AADB4-2D0A-495B-A78B-CCBCA2720398}.Debug|Any CPU.Build.0 = Debug|Any CPU
		{3E3AADB4-2D0A-495B-A78B-CCBCA2720398}.Release|Any CPU.ActiveCfg = Release|Any CPU
		{3E3AADB4-2D0A-495B-A78B-CCBCA2720398}.Release|Any CPU.Build.0 = Release|Any CPU
	EndGlobalSection
	GlobalSection(SolutionProperties) = preSolution
		HideSolutionNode = FALSE
	EndGlobalSection
	GlobalSection(ExtensibilityGlobals) = postSolution
		SolutionGuid = {0C34317D-4501-4F8A-BAC9-89312533BA3E}
	EndGlobalSection
EndGlobal
